
Microsoft Visual Studio Solution File, Format Version 12.00
# Visual Studio Version 16
VisualStudioVersion = 16.0.28803.352
MinimumVisualStudioVersion = 10.0.40219.1
Project("{FAE04EC0-301F-11D3-BF4B-00C04F79EFBC}") = "Sales.UWP", "Sales\Sales.UWP\Sales.UWP.csproj", "{6F8D1C9F-35E5-4917-979C-701217FC02B9}"
EndProject
Project("{FAE04EC0-301F-11D3-BF4B-00C04F79EFBC}") = "Sales.Android", "Sales\Sales.Android\Sales.Android.csproj", "{50FA910C-1909-476F-BBD9-A600BB310C0D}"
EndProject
Project("{FAE04EC0-301F-11D3-BF4B-00C04F79EFBC}") = "Sales.iOS", "Sales\Sales.iOS\Sales.iOS.csproj", "{5871795A-3DBC-4B4E-820C-D94545E54B94}"
EndProject
Project("{9A19103F-16F7-4668-BE54-9A1E7A4F7556}") = "Sales", "Sales\Sales\Sales.csproj", "{D662C30B-73E0-46E9-8465-2DEBA884A3BA}"
EndProject
Project("{FAE04EC0-301F-11D3-BF4B-00C04F79EFBC}") = "Sales.Backend", "Sales.Backend\Sales.Backend.csproj", "{E2B2C59D-22A8-480C-9FDF-31A86B6C1523}"
EndProject
Project("{9A19103F-16F7-4668-BE54-9A1E7A4F7556}") = "Sales.Domain", "Sales.Domain\Sales.Domain.csproj", "{64774FB8-5C88-4FB8-B26C-8834E5A701A2}"
EndProject
Project("{9A19103F-16F7-4668-BE54-9A1E7A4F7556}") = "Sales.Common", "Sales.Common\Sales.Common.csproj", "{23C9DFF8-8501-4B0D-8784-20B6AB50B4BA}"
EndProject
Project("{FAE04EC0-301F-11D3-BF4B-00C04F79EFBC}") = "Sales.API", "Sales.API\Sales.API.csproj", "{640DFDDF-2E4C-43CD-97F6-D7903427A4E6}"
EndProject
Global
	GlobalSection(SolutionConfigurationPlatforms) = preSolution
		Debug|Any CPU = Debug|Any CPU
		Debug|ARM = Debug|ARM
		Debug|iPhone = Debug|iPhone
		Debug|iPhoneSimulator = Debug|iPhoneSimulator
		Debug|x64 = Debug|x64
		Debug|x86 = Debug|x86
		Release|Any CPU = Release|Any CPU
		Release|ARM = Release|ARM
		Release|iPhone = Release|iPhone
		Release|iPhoneSimulator = Release|iPhoneSimulator
		Release|x64 = Release|x64
		Release|x86 = Release|x86
	EndGlobalSection
	GlobalSection(ProjectConfigurationPlatforms) = postSolution
		{6F8D1C9F-35E5-4917-979C-701217FC02B9}.Debug|Any CPU.ActiveCfg = Debug|x86
		{6F8D1C9F-35E5-4917-979C-701217FC02B9}.Debug|Any CPU.Build.0 = Debug|x86
		{6F8D1C9F-35E5-4917-979C-701217FC02B9}.Debug|Any CPU.Deploy.0 = Debug|x86
		{6F8D1C9F-35E5-4917-979C-701217FC02B9}.Debug|ARM.ActiveCfg = Debug|ARM
		{6F8D1C9F-35E5-4917-979C-701217FC02B9}.Debug|ARM.Build.0 = Debug|ARM
		{6F8D1C9F-35E5-4917-979C-701217FC02B9}.Debug|ARM.Deploy.0 = Debug|ARM
		{6F8D1C9F-35E5-4917-979C-701217FC02B9}.Debug|iPhone.ActiveCfg = Debug|x86
		{6F8D1C9F-35E5-4917-979C-701217FC02B9}.Debug|iPhone.Build.0 = Debug|x86
		{6F8D1C9F-35E5-4917-979C-701217FC02B9}.Debug|iPhone.Deploy.0 = Debug|x86
		{6F8D1C9F-35E5-4917-979C-701217FC02B9}.Debug|iPhoneSimulator.ActiveCfg = Debug|x86
		{6F8D1C9F-35E5-4917-979C-701217FC02B9}.Debug|iPhoneSimulator.Build.0 = Debug|x86
		{6F8D1C9F-35E5-4917-979C-701217FC02B9}.Debug|iPhoneSimulator.Deploy.0 = Debug|x86
		{6F8D1C9F-35E5-4917-979C-701217FC02B9}.Debug|x64.ActiveCfg = Debug|x64
		{6F8D1C9F-35E5-4917-979C-701217FC02B9}.Debug|x64.Build.0 = Debug|x64
		{6F8D1C9F-35E5-4917-979C-701217FC02B9}.Debug|x64.Deploy.0 = Debug|x64
		{6F8D1C9F-35E5-4917-979C-701217FC02B9}.Debug|x86.ActiveCfg = Debug|x86
		{6F8D1C9F-35E5-4917-979C-701217FC02B9}.Debug|x86.Build.0 = Debug|x86
		{6F8D1C9F-35E5-4917-979C-701217FC02B9}.Debug|x86.Deploy.0 = Debug|x86
		{6F8D1C9F-35E5-4917-979C-701217FC02B9}.Release|Any CPU.ActiveCfg = Release|x86
		{6F8D1C9F-35E5-4917-979C-701217FC02B9}.Release|Any CPU.Build.0 = Release|x86
		{6F8D1C9F-35E5-4917-979C-701217FC02B9}.Release|Any CPU.Deploy.0 = Release|x86
		{6F8D1C9F-35E5-4917-979C-701217FC02B9}.Release|ARM.ActiveCfg = Release|ARM
		{6F8D1C9F-35E5-4917-979C-701217FC02B9}.Release|ARM.Build.0 = Release|ARM
		{6F8D1C9F-35E5-4917-979C-701217FC02B9}.Release|ARM.Deploy.0 = Release|ARM
		{6F8D1C9F-35E5-4917-979C-701217FC02B9}.Release|iPhone.ActiveCfg = Release|x86
		{6F8D1C9F-35E5-4917-979C-701217FC02B9}.Release|iPhone.Build.0 = Release|x86
		{6F8D1C9F-35E5-4917-979C-701217FC02B9}.Release|iPhone.Deploy.0 = Release|x86
		{6F8D1C9F-35E5-4917-979C-701217FC02B9}.Release|iPhoneSimulator.ActiveCfg = Release|x86
		{6F8D1C9F-35E5-4917-979C-701217FC02B9}.Release|iPhoneSimulator.Build.0 = Release|x86
		{6F8D1C9F-35E5-4917-979C-701217FC02B9}.Release|iPhoneSimulator.Deploy.0 = Release|x86
		{6F8D1C9F-35E5-4917-979C-701217FC02B9}.Release|x64.ActiveCfg = Release|x64
		{6F8D1C9F-35E5-4917-979C-701217FC02B9}.Release|x64.Build.0 = Release|x64
		{6F8D1C9F-35E5-4917-979C-701217FC02B9}.Release|x64.Deploy.0 = Release|x64
		{6F8D1C9F-35E5-4917-979C-701217FC02B9}.Release|x86.ActiveCfg = Release|x86
		{6F8D1C9F-35E5-4917-979C-701217FC02B9}.Release|x86.Build.0 = Release|x86
		{6F8D1C9F-35E5-4917-979C-701217FC02B9}.Release|x86.Deploy.0 = Release|x86
		{50FA910C-1909-476F-BBD9-A600BB310C0D}.Debug|Any CPU.ActiveCfg = Debug|Any CPU
		{50FA910C-1909-476F-BBD9-A600BB310C0D}.Debug|Any CPU.Build.0 = Debug|Any CPU
		{50FA910C-1909-476F-BBD9-A600BB310C0D}.Debug|Any CPU.Deploy.0 = Debug|Any CPU
		{50FA910C-1909-476F-BBD9-A600BB310C0D}.Debug|ARM.ActiveCfg = Debug|Any CPU
		{50FA910C-1909-476F-BBD9-A600BB310C0D}.Debug|ARM.Build.0 = Debug|Any CPU
		{50FA910C-1909-476F-BBD9-A600BB310C0D}.Debug|ARM.Deploy.0 = Debug|Any CPU
		{50FA910C-1909-476F-BBD9-A600BB310C0D}.Debug|iPhone.ActiveCfg = Debug|Any CPU
		{50FA910C-1909-476F-BBD9-A600BB310C0D}.Debug|iPhone.Build.0 = Debug|Any CPU
		{50FA910C-1909-476F-BBD9-A600BB310C0D}.Debug|iPhone.Deploy.0 = Debug|Any CPU
		{50FA910C-1909-476F-BBD9-A600BB310C0D}.Debug|iPhoneSimulator.ActiveCfg = Debug|Any CPU
		{50FA910C-1909-476F-BBD9-A600BB310C0D}.Debug|iPhoneSimulator.Build.0 = Debug|Any CPU
		{50FA910C-1909-476F-BBD9-A600BB310C0D}.Debug|iPhoneSimulator.Deploy.0 = Debug|Any CPU
		{50FA910C-1909-476F-BBD9-A600BB310C0D}.Debug|x64.ActiveCfg = Debug|Any CPU
		{50FA910C-1909-476F-BBD9-A600BB310C0D}.Debug|x64.Build.0 = Debug|Any CPU
		{50FA910C-1909-476F-BBD9-A600BB310C0D}.Debug|x64.Deploy.0 = Debug|Any CPU
		{50FA910C-1909-476F-BBD9-A600BB310C0D}.Debug|x86.ActiveCfg = Debug|Any CPU
		{50FA910C-1909-476F-BBD9-A600BB310C0D}.Debug|x86.Build.0 = Debug|Any CPU
		{50FA910C-1909-476F-BBD9-A600BB310C0D}.Debug|x86.Deploy.0 = Debug|Any CPU
		{50FA910C-1909-476F-BBD9-A600BB310C0D}.Release|Any CPU.ActiveCfg = Release|Any CPU
		{50FA910C-1909-476F-BBD9-A600BB310C0D}.Release|Any CPU.Build.0 = Release|Any CPU
		{50FA910C-1909-476F-BBD9-A600BB310C0D}.Release|Any CPU.Deploy.0 = Release|Any CPU
		{50FA910C-1909-476F-BBD9-A600BB310C0D}.Release|ARM.ActiveCfg = Release|Any CPU
		{50FA910C-1909-476F-BBD9-A600BB310C0D}.Release|ARM.Build.0 = Release|Any CPU
		{50FA910C-1909-476F-BBD9-A600BB310C0D}.Release|ARM.Deploy.0 = Release|Any CPU
		{50FA910C-1909-476F-BBD9-A600BB310C0D}.Release|iPhone.ActiveCfg = Release|Any CPU
		{50FA910C-1909-476F-BBD9-A600BB310C0D}.Release|iPhone.Build.0 = Release|Any CPU
		{50FA910C-1909-476F-BBD9-A600BB310C0D}.Release|iPhone.Deploy.0 = Release|Any CPU
		{50FA910C-1909-476F-BBD9-A600BB310C0D}.Release|iPhoneSimulator.ActiveCfg = Release|Any CPU
		{50FA910C-1909-476F-BBD9-A600BB310C0D}.Release|iPhoneSimulator.Build.0 = Release|Any CPU
		{50FA910C-1909-476F-BBD9-A600BB310C0D}.Release|iPhoneSimulator.Deploy.0 = Release|Any CPU
		{50FA910C-1909-476F-BBD9-A600BB310C0D}.Release|x64.ActiveCfg = Release|Any CPU
		{50FA910C-1909-476F-BBD9-A600BB310C0D}.Release|x64.Build.0 = Release|Any CPU
		{50FA910C-1909-476F-BBD9-A600BB310C0D}.Release|x64.Deploy.0 = Release|Any CPU
		{50FA910C-1909-476F-BBD9-A600BB310C0D}.Release|x86.ActiveCfg = Release|Any CPU
		{50FA910C-1909-476F-BBD9-A600BB310C0D}.Release|x86.Build.0 = Release|Any CPU
		{50FA910C-1909-476F-BBD9-A600BB310C0D}.Release|x86.Deploy.0 = Release|Any CPU
		{5871795A-3DBC-4B4E-820C-D94545E54B94}.Debug|Any CPU.ActiveCfg = Debug|iPhone
		{5871795A-3DBC-4B4E-820C-D94545E54B94}.Debug|Any CPU.Build.0 = Debug|iPhone
		{5871795A-3DBC-4B4E-820C-D94545E54B94}.Debug|Any CPU.Deploy.0 = Debug|iPhone
		{5871795A-3DBC-4B4E-820C-D94545E54B94}.Debug|ARM.ActiveCfg = Debug|iPhoneSimulator
		{5871795A-3DBC-4B4E-820C-D94545E54B94}.Debug|ARM.Build.0 = Debug|iPhoneSimulator
		{5871795A-3DBC-4B4E-820C-D94545E54B94}.Debug|ARM.Deploy.0 = Debug|iPhoneSimulator
		{5871795A-3DBC-4B4E-820C-D94545E54B94}.Debug|iPhone.ActiveCfg = Debug|iPhone
		{5871795A-3DBC-4B4E-820C-D94545E54B94}.Debug|iPhone.Build.0 = Debug|iPhone
		{5871795A-3DBC-4B4E-820C-D94545E54B94}.Debug|iPhone.Deploy.0 = Debug|iPhone
		{5871795A-3DBC-4B4E-820C-D94545E54B94}.Debug|iPhoneSimulator.ActiveCfg = Debug|iPhoneSimulator
		{5871795A-3DBC-4B4E-820C-D94545E54B94}.Debug|iPhoneSimulator.Build.0 = Debug|iPhoneSimulator
		{5871795A-3DBC-4B4E-820C-D94545E54B94}.Debug|iPhoneSimulator.Deploy.0 = Debug|iPhoneSimulator
		{5871795A-3DBC-4B4E-820C-D94545E54B94}.Debug|x64.ActiveCfg = Debug|iPhone
		{5871795A-3DBC-4B4E-820C-D94545E54B94}.Debug|x64.Build.0 = Debug|iPhone
		{5871795A-3DBC-4B4E-820C-D94545E54B94}.Debug|x64.Deploy.0 = Debug|iPhone
		{5871795A-3DBC-4B4E-820C-D94545E54B94}.Debug|x86.ActiveCfg = Debug|iPhone
		{5871795A-3DBC-4B4E-820C-D94545E54B94}.Debug|x86.Build.0 = Debug|iPhone
		{5871795A-3DBC-4B4E-820C-D94545E54B94}.Debug|x86.Deploy.0 = Debug|iPhone
		{5871795A-3DBC-4B4E-820C-D94545E54B94}.Release|Any CPU.ActiveCfg = Release|iPhone
		{5871795A-3DBC-4B4E-820C-D94545E54B94}.Release|Any CPU.Build.0 = Release|iPhone
		{5871795A-3DBC-4B4E-820C-D94545E54B94}.Release|Any CPU.Deploy.0 = Release|iPhone
		{5871795A-3DBC-4B4E-820C-D94545E54B94}.Release|ARM.ActiveCfg = Release|iPhone
		{5871795A-3DBC-4B4E-820C-D94545E54B94}.Release|ARM.Build.0 = Release|iPhone
		{5871795A-3DBC-4B4E-820C-D94545E54B94}.Release|ARM.Deploy.0 = Release|iPhone
		{5871795A-3DBC-4B4E-820C-D94545E54B94}.Release|iPhone.ActiveCfg = Release|iPhone
		{5871795A-3DBC-4B4E-820C-D94545E54B94}.Release|iPhone.Build.0 = Release|iPhone
		{5871795A-3DBC-4B4E-820C-D94545E54B94}.Release|iPhone.Deploy.0 = Release|iPhone
		{5871795A-3DBC-4B4E-820C-D94545E54B94}.Release|iPhoneSimulator.ActiveCfg = Release|iPhoneSimulator
		{5871795A-3DBC-4B4E-820C-D94545E54B94}.Release|iPhoneSimulator.Build.0 = Release|iPhoneSimulator
		{5871795A-3DBC-4B4E-820C-D94545E54B94}.Release|iPhoneSimulator.Deploy.0 = Release|iPhoneSimulator
		{5871795A-3DBC-4B4E-820C-D94545E54B94}.Release|x64.ActiveCfg = Release|iPhone
		{5871795A-3DBC-4B4E-820C-D94545E54B94}.Release|x64.Build.0 = Release|iPhone
		{5871795A-3DBC-4B4E-820C-D94545E54B94}.Release|x64.Deploy.0 = Release|iPhone
		{5871795A-3DBC-4B4E-820C-D94545E54B94}.Release|x86.ActiveCfg = Release|iPhone
		{5871795A-3DBC-4B4E-820C-D94545E54B94}.Release|x86.Build.0 = Release|iPhone
		{5871795A-3DBC-4B4E-820C-D94545E54B94}.Release|x86.Deploy.0 = Release|iPhone
		{D662C30B-73E0-46E9-8465-2DEBA884A3BA}.Debug|Any CPU.ActiveCfg = Debug|Any CPU
		{D662C30B-73E0-46E9-8465-2DEBA884A3BA}.Debug|Any CPU.Build.0 = Debug|Any CPU
		{D662C30B-73E0-46E9-8465-2DEBA884A3BA}.Debug|Any CPU.Deploy.0 = Debug|Any CPU
		{D662C30B-73E0-46E9-8465-2DEBA884A3BA}.Debug|ARM.ActiveCfg = Debug|Any CPU
		{D662C30B-73E0-46E9-8465-2DEBA884A3BA}.Debug|ARM.Build.0 = Debug|Any CPU
		{D662C30B-73E0-46E9-8465-2DEBA884A3BA}.Debug|ARM.Deploy.0 = Debug|Any CPU
		{D662C30B-73E0-46E9-8465-2DEBA884A3BA}.Debug|iPhone.ActiveCfg = Debug|Any CPU
		{D662C30B-73E0-46E9-8465-2DEBA884A3BA}.Debug|iPhone.Build.0 = Debug|Any CPU
		{D662C30B-73E0-46E9-8465-2DEBA884A3BA}.Debug|iPhone.Deploy.0 = Debug|Any CPU
		{D662C30B-73E0-46E9-8465-2DEBA884A3BA}.Debug|iPhoneSimulator.ActiveCfg = Debug|Any CPU
		{D662C30B-73E0-46E9-8465-2DEBA884A3BA}.Debug|iPhoneSimulator.Build.0 = Debug|Any CPU
		{D662C30B-73E0-46E9-8465-2DEBA884A3BA}.Debug|iPhoneSimulator.Deploy.0 = Debug|Any CPU
		{D662C30B-73E0-46E9-8465-2DEBA884A3BA}.Debug|x64.ActiveCfg = Debug|Any CPU
		{D662C30B-73E0-46E9-8465-2DEBA884A3BA}.Debug|x64.Build.0 = Debug|Any CPU
		{D662C30B-73E0-46E9-8465-2DEBA884A3BA}.Debug|x64.Deploy.0 = Debug|Any CPU
		{D662C30B-73E0-46E9-8465-2DEBA884A3BA}.Debug|x86.ActiveCfg = Debug|Any CPU
		{D662C30B-73E0-46E9-8465-2DEBA884A3BA}.Debug|x86.Build.0 = Debug|Any CPU
		{D662C30B-73E0-46E9-8465-2DEBA884A3BA}.Debug|x86.Deploy.0 = Debug|Any CPU
		{D662C30B-73E0-46E9-8465-2DEBA884A3BA}.Release|Any CPU.ActiveCfg = Release|Any CPU
		{D662C30B-73E0-46E9-8465-2DEBA884A3BA}.Release|Any CPU.Build.0 = Release|Any CPU
		{D662C30B-73E0-46E9-8465-2DEBA884A3BA}.Release|Any CPU.Deploy.0 = Release|Any CPU
		{D662C30B-73E0-46E9-8465-2DEBA884A3BA}.Release|ARM.ActiveCfg = Release|Any CPU
		{D662C30B-73E0-46E9-8465-2DEBA884A3BA}.Release|ARM.Build.0 = Release|Any CPU
		{D662C30B-73E0-46E9-8465-2DEBA884A3BA}.Release|ARM.Deploy.0 = Release|Any CPU
		{D662C30B-73E0-46E9-8465-2DEBA884A3BA}.Release|iPhone.ActiveCfg = Release|Any CPU
		{D662C30B-73E0-46E9-8465-2DEBA884A3BA}.Release|iPhone.Build.0 = Release|Any CPU
		{D662C30B-73E0-46E9-8465-2DEBA884A3BA}.Release|iPhone.Deploy.0 = Release|Any CPU
		{D662C30B-73E0-46E9-8465-2DEBA884A3BA}.Release|iPhoneSimulator.ActiveCfg = Release|Any CPU
		{D662C30B-73E0-46E9-8465-2DEBA884A3BA}.Release|iPhoneSimulator.Build.0 = Release|Any CPU
		{D662C30B-73E0-46E9-8465-2DEBA884A3BA}.Release|iPhoneSimulator.Deploy.0 = Release|Any CPU
		{D662C30B-73E0-46E9-8465-2DEBA884A3BA}.Release|x64.ActiveCfg = Release|Any CPU
		{D662C30B-73E0-46E9-8465-2DEBA884A3BA}.Release|x64.Build.0 = Release|Any CPU
		{D662C30B-73E0-46E9-8465-2DEBA884A3BA}.Release|x64.Deploy.0 = Release|Any CPU
		{D662C30B-73E0-46E9-8465-2DEBA884A3BA}.Release|x86.ActiveCfg = Release|Any CPU
		{D662C30B-73E0-46E9-8465-2DEBA884A3BA}.Release|x86.Build.0 = Release|Any CPU
		{D662C30B-73E0-46E9-8465-2DEBA884A3BA}.Release|x86.Deploy.0 = Release|Any CPU
		{E2B2C59D-22A8-480C-9FDF-31A86B6C1523}.Debug|Any CPU.ActiveCfg = Debug|Any CPU
		{E2B2C59D-22A8-480C-9FDF-31A86B6C1523}.Debug|Any CPU.Build.0 = Debug|Any CPU
		{E2B2C59D-22A8-480C-9FDF-31A86B6C1523}.Debug|ARM.ActiveCfg = Debug|Any CPU
		{E2B2C59D-22A8-480C-9FDF-31A86B6C1523}.Debug|ARM.Build.0 = Debug|Any CPU
		{E2B2C59D-22A8-480C-9FDF-31A86B6C1523}.Debug|iPhone.ActiveCfg = Debug|Any CPU
		{E2B2C59D-22A8-480C-9FDF-31A86B6C1523}.Debug|iPhone.Build.0 = Debug|Any CPU
		{E2B2C59D-22A8-480C-9FDF-31A86B6C1523}.Debug|iPhoneSimulator.ActiveCfg = Debug|Any CPU
		{E2B2C59D-22A8-480C-9FDF-31A86B6C1523}.Debug|iPhoneSimulator.Build.0 = Debug|Any CPU
		{E2B2C59D-22A8-480C-9FDF-31A86B6C1523}.Debug|x64.ActiveCfg = Debug|Any CPU
		{E2B2C59D-22A8-480C-9FDF-31A86B6C1523}.Debug|x64.Build.0 = Debug|Any CPU
		{E2B2C59D-22A8-480C-9FDF-31A86B6C1523}.Debug|x86.ActiveCfg = Debug|Any CPU
		{E2B2C59D-22A8-480C-9FDF-31A86B6C1523}.Debug|x86.Build.0 = Debug|Any CPU
		{E2B2C59D-22A8-480C-9FDF-31A86B6C1523}.Release|Any CPU.ActiveCfg = Release|Any CPU
		{E2B2C59D-22A8-480C-9FDF-31A86B6C1523}.Release|Any CPU.Build.0 = Release|Any CPU
		{E2B2C59D-22A8-480C-9FDF-31A86B6C1523}.Release|ARM.ActiveCfg = Release|Any CPU
		{E2B2C59D-22A8-480C-9FDF-31A86B6C1523}.Release|ARM.Build.0 = Release|Any CPU
		{E2B2C59D-22A8-480C-9FDF-31A86B6C1523}.Release|iPhone.ActiveCfg = Release|Any CPU
		{E2B2C59D-22A8-480C-9FDF-31A86B6C1523}.Release|iPhone.Build.0 = Release|Any CPU
		{E2B2C59D-22A8-480C-9FDF-31A86B6C1523}.Release|iPhoneSimulator.ActiveCfg = Release|Any CPU
		{E2B2C59D-22A8-480C-9FDF-31A86B6C1523}.Release|iPhoneSimulator.Build.0 = Release|Any CPU
		{E2B2C59D-22A8-480C-9FDF-31A86B6C1523}.Release|x64.ActiveCfg = Release|Any CPU
		{E2B2C59D-22A8-480C-9FDF-31A86B6C1523}.Release|x64.Build.0 = Release|Any CPU
		{E2B2C59D-22A8-480C-9FDF-31A86B6C1523}.Release|x86.ActiveCfg = Release|Any CPU
		{E2B2C59D-22A8-480C-9FDF-31A86B6C1523}.Release|x86.Build.0 = Release|Any CPU
		{64774FB8-5C88-4FB8-B26C-8834E5A701A2}.Debug|Any CPU.ActiveCfg = Debug|Any CPU
		{64774FB8-5C88-4FB8-B26C-8834E5A701A2}.Debug|Any CPU.Build.0 = Debug|Any CPU
		{64774FB8-5C88-4FB8-B26C-8834E5A701A2}.Debug|ARM.ActiveCfg = Debug|Any CPU
		{64774FB8-5C88-4FB8-B26C-8834E5A701A2}.Debug|ARM.Build.0 = Debug|Any CPU
		{64774FB8-5C88-4FB8-B26C-8834E5A701A2}.Debug|iPhone.ActiveCfg = Debug|Any CPU
		{64774FB8-5C88-4FB8-B26C-8834E5A701A2}.Debug|iPhone.Build.0 = Debug|Any CPU
		{64774FB8-5C88-4FB8-B26C-8834E5A701A2}.Debug|iPhoneSimulator.ActiveCfg = Debug|Any CPU
		{64774FB8-5C88-4FB8-B26C-8834E5A701A2}.Debug|iPhoneSimulator.Build.0 = Debug|Any CPU
		{64774FB8-5C88-4FB8-B26C-8834E5A701A2}.Debug|x64.ActiveCfg = Debug|Any CPU
		{64774FB8-5C88-4FB8-B26C-8834E5A701A2}.Debug|x64.Build.0 = Debug|Any CPU
		{64774FB8-5C88-4FB8-B26C-8834E5A701A2}.Debug|x86.ActiveCfg = Debug|Any CPU
		{64774FB8-5C88-4FB8-B26C-8834E5A701A2}.Debug|x86.Build.0 = Debug|Any CPU
		{64774FB8-5C88-4FB8-B26C-8834E5A701A2}.Release|Any CPU.ActiveCfg = Release|Any CPU
		{64774FB8-5C88-4FB8-B26C-8834E5A701A2}.Release|Any CPU.Build.0 = Release|Any CPU
		{64774FB8-5C88-4FB8-B26C-8834E5A701A2}.Release|ARM.ActiveCfg = Release|Any CPU
		{64774FB8-5C88-4FB8-B26C-8834E5A701A2}.Release|ARM.Build.0 = Release|Any CPU
		{64774FB8-5C88-4FB8-B26C-8834E5A701A2}.Release|iPhone.ActiveCfg = Release|Any CPU
		{64774FB8-5C88-4FB8-B26C-8834E5A701A2}.Release|iPhone.Build.0 = Release|Any CPU
		{64774FB8-5C88-4FB8-B26C-8834E5A701A2}.Release|iPhoneSimulator.ActiveCfg = Release|Any CPU
		{64774FB8-5C88-4FB8-B26C-8834E5A701A2}.Release|iPhoneSimulator.Build.0 = Release|Any CPU
		{64774FB8-5C88-4FB8-B26C-8834E5A701A2}.Release|x64.ActiveCfg = Release|Any CPU
		{64774FB8-5C88-4FB8-B26C-8834E5A701A2}.Release|x64.Build.0 = Release|Any CPU
		{64774FB8-5C88-4FB8-B26C-8834E5A701A2}.Release|x86.ActiveCfg = Release|Any CPU
		{64774FB8-5C88-4FB8-B26C-8834E5A701A2}.Release|x86.Build.0 = Release|Any CPU
		{23C9DFF8-8501-4B0D-8784-20B6AB50B4BA}.Debug|Any CPU.ActiveCfg = Debug|Any CPU
		{23C9DFF8-8501-4B0D-8784-20B6AB50B4BA}.Debug|Any CPU.Build.0 = Debug|Any CPU
		{23C9DFF8-8501-4B0D-8784-20B6AB50B4BA}.Debug|ARM.ActiveCfg = Debug|Any CPU
		{23C9DFF8-8501-4B0D-8784-20B6AB50B4BA}.Debug|ARM.Build.0 = Debug|Any CPU
		{23C9DFF8-8501-4B0D-8784-20B6AB50B4BA}.Debug|iPhone.ActiveCfg = Debug|Any CPU
		{23C9DFF8-8501-4B0D-8784-20B6AB50B4BA}.Debug|iPhone.Build.0 = Debug|Any CPU
		{23C9DFF8-8501-4B0D-8784-20B6AB50B4BA}.Debug|iPhoneSimulator.ActiveCfg = Debug|Any CPU
		{23C9DFF8-8501-4B0D-8784-20B6AB50B4BA}.Debug|iPhoneSimulator.Build.0 = Debug|Any CPU
		{23C9DFF8-8501-4B0D-8784-20B6AB50B4BA}.Debug|x64.ActiveCfg = Debug|Any CPU
		{23C9DFF8-8501-4B0D-8784-20B6AB50B4BA}.Debug|x64.Build.0 = Debug|Any CPU
		{23C9DFF8-8501-4B0D-8784-20B6AB50B4BA}.Debug|x86.ActiveCfg = Debug|Any CPU
		{23C9DFF8-8501-4B0D-8784-20B6AB50B4BA}.Debug|x86.Build.0 = Debug|Any CPU
		{23C9DFF8-8501-4B0D-8784-20B6AB50B4BA}.Release|Any CPU.ActiveCfg = Release|Any CPU
		{23C9DFF8-8501-4B0D-8784-20B6AB50B4BA}.Release|Any CPU.Build.0 = Release|Any CPU
		{23C9DFF8-8501-4B0D-8784-20B6AB50B4BA}.Release|ARM.ActiveCfg = Release|Any CPU
		{23C9DFF8-8501-4B0D-8784-20B6AB50B4BA}.Release|ARM.Build.0 = Release|Any CPU
		{23C9DFF8-8501-4B0D-8784-20B6AB50B4BA}.Release|iPhone.ActiveCfg = Release|Any CPU
		{23C9DFF8-8501-4B0D-8784-20B6AB50B4BA}.Release|iPhone.Build.0 = Release|Any CPU
		{23C9DFF8-8501-4B0D-8784-20B6AB50B4BA}.Release|iPhoneSimulator.ActiveCfg = Release|Any CPU
		{23C9DFF8-8501-4B0D-8784-20B6AB50B4BA}.Release|iPhoneSimulator.Build.0 = Release|Any CPU
		{23C9DFF8-8501-4B0D-8784-20B6AB50B4BA}.Release|x64.ActiveCfg = Release|Any CPU
		{23C9DFF8-8501-4B0D-8784-20B6AB50B4BA}.Release|x64.Build.0 = Release|Any CPU
		{23C9DFF8-8501-4B0D-8784-20B6AB50B4BA}.Release|x86.ActiveCfg = Release|Any CPU
		{23C9DFF8-8501-4B0D-8784-20B6AB50B4BA}.Release|x86.Build.0 = Release|Any CPU
		{640DFDDF-2E4C-43CD-97F6-D7903427A4E6}.Debug|Any CPU.ActiveCfg = Debug|Any CPU
		{640DFDDF-2E4C-43CD-97F6-D7903427A4E6}.Debug|Any CPU.Build.0 = Debug|Any CPU
		{640DFDDF-2E4C-43CD-97F6-D7903427A4E6}.Debug|ARM.ActiveCfg = Debug|Any CPU
		{640DFDDF-2E4C-43CD-97F6-D7903427A4E6}.Debug|ARM.Build.0 = Debug|Any CPU
		{640DFDDF-2E4C-43CD-97F6-D7903427A4E6}.Debug|iPhone.ActiveCfg = Debug|Any CPU
		{640DFDDF-2E4C-43CD-97F6-D7903427A4E6}.Debug|iPhone.Build.0 = Debug|Any CPU
		{640DFDDF-2E4C-43CD-97F6-D7903427A4E6}.Debug|iPhoneSimulator.ActiveCfg = Debug|Any CPU
		{640DFDDF-2E4C-43CD-97F6-D7903427A4E6}.Debug|iPhoneSimulator.Build.0 = Debug|Any CPU
		{640DFDDF-2E4C-43CD-97F6-D7903427A4E6}.Debug|x64.ActiveCfg = Debug|Any CPU
		{640DFDDF-2E4C-43CD-97F6-D7903427A4E6}.Debug|x64.Build.0 = Debug|Any CPU
		{640DFDDF-2E4C-43CD-97F6-D7903427A4E6}.Debug|x86.ActiveCfg = Debug|Any CPU
		{640DFDDF-2E4C-43CD-97F6-D7903427A4E6}.Debug|x86.Build.0 = Debug|Any CPU
		{640DFDDF-2E4C-43CD-97F6-D7903427A4E6}.Release|Any CPU.ActiveCfg = Release|Any CPU
		{640DFDDF-2E4C-43CD-97F6-D7903427A4E6}.Release|Any CPU.Build.0 = Release|Any CPU
		{640DFDDF-2E4C-43CD-97F6-D7903427A4E6}.Release|ARM.ActiveCfg = Release|Any CPU
		{640DFDDF-2E4C-43CD-97F6-D7903427A4E6}.Release|ARM.Build.0 = Release|Any CPU
		{640DFDDF-2E4C-43CD-97F6-D7903427A4E6}.Release|iPhone.ActiveCfg = Release|Any CPU
		{640DFDDF-2E4C-43CD-97F6-D7903427A4E6}.Release|iPhone.Build.0 = Release|Any CPU
		{640DFDDF-2E4C-43CD-97F6-D7903427A4E6}.Release|iPhoneSimulator.ActiveCfg = Release|Any CPU
		{640DFDDF-2E4C-43CD-97F6-D7903427A4E6}.Release|iPhoneSimulator.Build.0 = Release|Any CPU
		{640DFDDF-2E4C-43CD-97F6-D7903427A4E6}.Release|x64.ActiveCfg = Release|Any CPU
		{640DFDDF-2E4C-43CD-97F6-D7903427A4E6}.Release|x64.Build.0 = Release|Any CPU
		{640DFDDF-2E4C-43CD-97F6-D7903427A4E6}.Release|x86.ActiveCfg = Release|Any CPU
		{640DFDDF-2E4C-43CD-97F6-D7903427A4E6}.Release|x86.Build.0 = Release|Any CPU
	EndGlobalSection
	GlobalSection(SolutionProperties) = preSolution
		HideSolutionNode = FALSE
	EndGlobalSection
	GlobalSection(ExtensibilityGlobals) = postSolution
		SolutionGuid = {2095BFDB-46EE-4ED8-B5DA-9A3C7C294FB5}
	EndGlobalSection
EndGlobal
